
Microsoft Visual Studio Solution File, Format Version 12.00
# Visual Studio Version 16
VisualStudioVersion = 25.0.1704.0
MinimumVisualStudioVersion = 10.0.40219.1
Project("{FAE04EC0-301F-11D3-BF4B-00C04F79EFBC}") = "Razor-MFExample", "Razor-MFExample\Razor-MFExample.csproj", "{043EEF1D-FD58-461F-A056-81DE641050A1}"
EndProject
Global
	GlobalSection(SolutionConfigurationPlatforms) = preSolution
		Debug|Any CPU = Debug|Any CPU
		Release|Any CPU = Release|Any CPU
	EndGlobalSection
	GlobalSection(ProjectConfigurationPlatforms) = postSolution
		{043EEF1D-FD58-461F-A056-81DE641050A1}.Debug|Any CPU.ActiveCfg = Debug|Any CPU
		{043EEF1D-FD58-461F-A056-81DE641050A1}.Debug|Any CPU.Build.0 = Debug|Any CPU
		{043EEF1D-FD58-461F-A056-81DE641050A1}.Release|Any CPU.ActiveCfg = Release|Any CPU
		{043EEF1D-FD58-461F-A056-81DE641050A1}.Release|Any CPU.Build.0 = Release|Any CPU
	EndGlobalSection
	GlobalSection(SolutionProperties) = preSolution
		HideSolutionNode = FALSE
	EndGlobalSection
	GlobalSection(ExtensibilityGlobals) = postSolution
		SolutionGuid = {7626F859-8AEC-4E7F-803D-E73D9A9F956F}
	EndGlobalSection
EndGlobal
